
Microsoft Visual Studio Solution File, Format Version 12.00
# Visual Studio Version 16
VisualStudioVersion = 16.0.32929.386
MinimumVisualStudioVersion = 10.0.40219.1
Project("{FAE04EC0-301F-11D3-BF4B-00C04F79EFBC}") = "RestServices", "RestServices\RestServices.csproj", "{A6E5DC0B-6E1A-4BD0-B85C-FA5CD7F0105A}"
EndProject
Project("{9A19103F-16F7-4668-BE54-9A1E7A4F7556}") = "BusinessLayer1", "BusinessLayer1\BusinessLayer1.csproj", "{092522E6-152E-40F7-AF5B-D4D5727392F2}"
EndProject
Global
	GlobalSection(SolutionConfigurationPlatforms) = preSolution
		Debug|Any CPU = Debug|Any CPU
		Release|Any CPU = Release|Any CPU
	EndGlobalSection
	GlobalSection(ProjectConfigurationPlatforms) = postSolution
		{A6E5DC0B-6E1A-4BD0-B85C-FA5CD7F0105A}.Debug|Any CPU.ActiveCfg = Debug|Any CPU
		{A6E5DC0B-6E1A-4BD0-B85C-FA5CD7F0105A}.Debug|Any CPU.Build.0 = Debug|Any CPU
		{A6E5DC0B-6E1A-4BD0-B85C-FA5CD7F0105A}.Release|Any CPU.ActiveCfg = Release|Any CPU
		{A6E5DC0B-6E1A-4BD0-B85C-FA5CD7F0105A}.Release|Any CPU.Build.0 = Release|Any CPU
		{092522E6-152E-40F7-AF5B-D4D5727392F2}.Debug|Any CPU.ActiveCfg = Debug|Any CPU
		{092522E6-152E-40F7-AF5B-D4D5727392F2}.Debug|Any CPU.Build.0 = Debug|Any CPU
		{092522E6-152E-40F7-AF5B-D4D5727392F2}.Release|Any CPU.ActiveCfg = Release|Any CPU
		{092522E6-152E-40F7-AF5B-D4D5727392F2}.Release|Any CPU.Build.0 = Release|Any CPU
	EndGlobalSection
	GlobalSection(SolutionProperties) = preSolution
		HideSolutionNode = FALSE
	EndGlobalSection
	GlobalSection(ExtensibilityGlobals) = postSolution
		SolutionGuid = {164DB2DE-DD07-45A9-B5B0-B5DD037ACBDC}
	EndGlobalSection
EndGlobal
